
Microsoft Visual Studio Solution File, Format Version 12.00
# Visual Studio 15
VisualStudioVersion = 15.0.28307.136
MinimumVisualStudioVersion = 10.0.40219.1
Project("{2150E333-8FDC-42A3-9474-1A3956D46DE8}") = "Web", "Web", "{8AB38FF3-71B4-4821-AB74-7DA6C49FA979}"
EndProject
Project("{2150E333-8FDC-42A3-9474-1A3956D46DE8}") = "Application", "Application", "{F94A4578-8554-407A-A2BB-A5CA00AA9051}"
EndProject
Project("{2150E333-8FDC-42A3-9474-1A3956D46DE8}") = "Infra", "Infra", "{D1CA6E94-DC66-4BD6-9BF7-0B9A7FCD13A3}"
EndProject
Project("{2150E333-8FDC-42A3-9474-1A3956D46DE8}") = "Domain", "Domain", "{4B78EDD0-C277-48B6-806B-99A6324D9C00}"
EndProject
Project("{2150E333-8FDC-42A3-9474-1A3956D46DE8}") = "Data", "Data", "{6D423B90-417A-4E1E-A269-5B6716CEB69A}"
EndProject
Project("{2150E333-8FDC-42A3-9474-1A3956D46DE8}") = "CrossCutting", "CrossCutting", "{78CD1B71-DD48-4753-8EE9-17AA6B45975F}"
EndProject
Project("{FAE04EC0-301F-11D3-BF4B-00C04F79EFBC}") = "MVCdotNetBaseApp.Data", "MVCdotNetBaseApp.Data\MVCdotNetBaseApp.Data.csproj", "{3B860292-8D3D-4B42-A5E8-8F2CF088E070}"
EndProject
Project("{FAE04EC0-301F-11D3-BF4B-00C04F79EFBC}") = "MVCdotNetBaseApp.Ioc", "MVCdotNetBaseApp.Ioc\MVCdotNetBaseApp.Ioc.csproj", "{EF12ED52-A1D3-4FA8-B3F2-70EAD6603041}"
EndProject
Project("{FAE04EC0-301F-11D3-BF4B-00C04F79EFBC}") = "MVCdotNetBaseApp.Domain", "MVCdotNetBaseApp.Domain\MVCdotNetBaseApp.Domain.csproj", "{33ED5028-80AF-4E01-93E1-A82C4CD16984}"
EndProject
Project("{FAE04EC0-301F-11D3-BF4B-00C04F79EFBC}") = "MVCdotNetBaseApp.Application", "MVCdotNetBaseApp.Application\MVCdotNetBaseApp.Application.csproj", "{96C4C33C-F81E-415D-A565-F7FFB9A0D592}"
EndProject
Project("{FAE04EC0-301F-11D3-BF4B-00C04F79EFBC}") = "MVCdotNetBaseApp.Util", "MVCdotNetBaseApp.Util\MVCdotNetBaseApp.Util.csproj", "{D03318CB-2CCB-4C30-934B-0A980D5480FF}"
EndProject
Project("{FAE04EC0-301F-11D3-BF4B-00C04F79EFBC}") = "MVCdotNetBaseApp.Web", "MVCdotNetBaseApp.Web\MVCdotNetBaseApp.Web.csproj", "{0B0A48C0-E48D-40B9-9063-5F7A2D8533E1}"
EndProject
Project("{2150E333-8FDC-42A3-9474-1A3956D46DE8}") = "Services", "Services", "{3F5DF55E-76D9-4F3F-9C77-887623EB5D78}"
EndProject
Global
	GlobalSection(SolutionConfigurationPlatforms) = preSolution
		Debug|Any CPU = Debug|Any CPU
		Release|Any CPU = Release|Any CPU
	EndGlobalSection
	GlobalSection(ProjectConfigurationPlatforms) = postSolution
		{3B860292-8D3D-4B42-A5E8-8F2CF088E070}.Debug|Any CPU.ActiveCfg = Debug|Any CPU
		{3B860292-8D3D-4B42-A5E8-8F2CF088E070}.Debug|Any CPU.Build.0 = Debug|Any CPU
		{3B860292-8D3D-4B42-A5E8-8F2CF088E070}.Release|Any CPU.ActiveCfg = Release|Any CPU
		{3B860292-8D3D-4B42-A5E8-8F2CF088E070}.Release|Any CPU.Build.0 = Release|Any CPU
		{EF12ED52-A1D3-4FA8-B3F2-70EAD6603041}.Debug|Any CPU.ActiveCfg = Debug|Any CPU
		{EF12ED52-A1D3-4FA8-B3F2-70EAD6603041}.Debug|Any CPU.Build.0 = Debug|Any CPU
		{EF12ED52-A1D3-4FA8-B3F2-70EAD6603041}.Release|Any CPU.ActiveCfg = Release|Any CPU
		{EF12ED52-A1D3-4FA8-B3F2-70EAD6603041}.Release|Any CPU.Build.0 = Release|Any CPU
		{33ED5028-80AF-4E01-93E1-A82C4CD16984}.Debug|Any CPU.ActiveCfg = Debug|Any CPU
		{33ED5028-80AF-4E01-93E1-A82C4CD16984}.Debug|Any CPU.Build.0 = Debug|Any CPU
		{33ED5028-80AF-4E01-93E1-A82C4CD16984}.Release|Any CPU.ActiveCfg = Release|Any CPU
		{33ED5028-80AF-4E01-93E1-A82C4CD16984}.Release|Any CPU.Build.0 = Release|Any CPU
		{96C4C33C-F81E-415D-A565-F7FFB9A0D592}.Debug|Any CPU.ActiveCfg = Debug|Any CPU
		{96C4C33C-F81E-415D-A565-F7FFB9A0D592}.Debug|Any CPU.Build.0 = Debug|Any CPU
		{96C4C33C-F81E-415D-A565-F7FFB9A0D592}.Release|Any CPU.ActiveCfg = Release|Any CPU
		{96C4C33C-F81E-415D-A565-F7FFB9A0D592}.Release|Any CPU.Build.0 = Release|Any CPU
		{D03318CB-2CCB-4C30-934B-0A980D5480FF}.Debug|Any CPU.ActiveCfg = Debug|Any CPU
		{D03318CB-2CCB-4C30-934B-0A980D5480FF}.Debug|Any CPU.Build.0 = Debug|Any CPU
		{D03318CB-2CCB-4C30-934B-0A980D5480FF}.Release|Any CPU.ActiveCfg = Release|Any CPU
		{D03318CB-2CCB-4C30-934B-0A980D5480FF}.Release|Any CPU.Build.0 = Release|Any CPU
		{0B0A48C0-E48D-40B9-9063-5F7A2D8533E1}.Debug|Any CPU.ActiveCfg = Debug|Any CPU
		{0B0A48C0-E48D-40B9-9063-5F7A2D8533E1}.Debug|Any CPU.Build.0 = Debug|Any CPU
		{0B0A48C0-E48D-40B9-9063-5F7A2D8533E1}.Release|Any CPU.ActiveCfg = Release|Any CPU
		{0B0A48C0-E48D-40B9-9063-5F7A2D8533E1}.Release|Any CPU.Build.0 = Release|Any CPU
	EndGlobalSection
	GlobalSection(SolutionProperties) = preSolution
		HideSolutionNode = FALSE
	EndGlobalSection
	GlobalSection(NestedProjects) = preSolution
		{6D423B90-417A-4E1E-A269-5B6716CEB69A} = {D1CA6E94-DC66-4BD6-9BF7-0B9A7FCD13A3}
		{78CD1B71-DD48-4753-8EE9-17AA6B45975F} = {D1CA6E94-DC66-4BD6-9BF7-0B9A7FCD13A3}
		{3B860292-8D3D-4B42-A5E8-8F2CF088E070} = {6D423B90-417A-4E1E-A269-5B6716CEB69A}
		{EF12ED52-A1D3-4FA8-B3F2-70EAD6603041} = {78CD1B71-DD48-4753-8EE9-17AA6B45975F}
		{33ED5028-80AF-4E01-93E1-A82C4CD16984} = {4B78EDD0-C277-48B6-806B-99A6324D9C00}
		{96C4C33C-F81E-415D-A565-F7FFB9A0D592} = {F94A4578-8554-407A-A2BB-A5CA00AA9051}
		{D03318CB-2CCB-4C30-934B-0A980D5480FF} = {78CD1B71-DD48-4753-8EE9-17AA6B45975F}
		{0B0A48C0-E48D-40B9-9063-5F7A2D8533E1} = {8AB38FF3-71B4-4821-AB74-7DA6C49FA979}
	EndGlobalSection
	GlobalSection(ExtensibilityGlobals) = postSolution
		SolutionGuid = {C32BAE8B-DB22-429D-B31D-01CB2374628D}
	EndGlobalSection
EndGlobal
